
Microsoft Visual Studio Solution File, Format Version 12.00
# Visual Studio Version 17
VisualStudioVersion = 17.11.35222.181
MinimumVisualStudioVersion = 10.0.40219.1
Project("{FAE04EC0-301F-11D3-BF4B-00C04F79EFBC}") = "Api_Factura", "Api_Factura\Api_Factura.csproj", "{B2871394-1042-4473-BA50-0F339AB00139}"
EndProject
Project("{FAE04EC0-301F-11D3-BF4B-00C04F79EFBC}") = "Cliente_Servicio", "Cliente_Servicio\Cliente_Servicio.csproj", "{23F0090C-1E33-44AE-819A-060D1F06DEB8}"
EndProject
Global
	GlobalSection(SolutionConfigurationPlatforms) = preSolution
		Debug|Any CPU = Debug|Any CPU
		Release|Any CPU = Release|Any CPU
	EndGlobalSection
	GlobalSection(ProjectConfigurationPlatforms) = postSolution
		{B2871394-1042-4473-BA50-0F339AB00139}.Debug|Any CPU.ActiveCfg = Debug|Any CPU
		{B2871394-1042-4473-BA50-0F339AB00139}.Debug|Any CPU.Build.0 = Debug|Any CPU
		{B2871394-1042-4473-BA50-0F339AB00139}.Release|Any CPU.ActiveCfg = Release|Any CPU
		{B2871394-1042-4473-BA50-0F339AB00139}.Release|Any CPU.Build.0 = Release|Any CPU
		{23F0090C-1E33-44AE-819A-060D1F06DEB8}.Debug|Any CPU.ActiveCfg = Debug|Any CPU
		{23F0090C-1E33-44AE-819A-060D1F06DEB8}.Debug|Any CPU.Build.0 = Debug|Any CPU
		{23F0090C-1E33-44AE-819A-060D1F06DEB8}.Release|Any CPU.ActiveCfg = Release|Any CPU
		{23F0090C-1E33-44AE-819A-060D1F06DEB8}.Release|Any CPU.Build.0 = Release|Any CPU
	EndGlobalSection
	GlobalSection(SolutionProperties) = preSolution
		HideSolutionNode = FALSE
	EndGlobalSection
	GlobalSection(ExtensibilityGlobals) = postSolution
		SolutionGuid = {BB2F6AC5-E72A-46EF-A6C2-0AA27CDC0F46}
	EndGlobalSection
EndGlobal
